
Microsoft Visual Studio Solution File, Format Version 12.00
# Visual Studio Version 16
VisualStudioVersion = 16.0.31624.102
MinimumVisualStudioVersion = 10.0.40219.1
Project("{9A19103F-16F7-4668-BE54-9A1E7A4F7556}") = "Lab_1", "Lab1\Lab_1.csproj", "{2F6A40E8-C07F-4958-AB05-83990551428A}"
EndProject
Project("{FAE04EC0-301F-11D3-BF4B-00C04F79EFBC}") = "Lab_2", "Lab_2\Lab_2.csproj", "{4F86ABA3-25AB-4CFA-92D9-FF557696C484}"
EndProject
Global
	GlobalSection(SolutionConfigurationPlatforms) = preSolution
		Debug|Any CPU = Debug|Any CPU
		Release|Any CPU = Release|Any CPU
	EndGlobalSection
	GlobalSection(ProjectConfigurationPlatforms) = postSolution
		{2F6A40E8-C07F-4958-AB05-83990551428A}.Debug|Any CPU.ActiveCfg = Debug|Any CPU
		{2F6A40E8-C07F-4958-AB05-83990551428A}.Debug|Any CPU.Build.0 = Debug|Any CPU
		{2F6A40E8-C07F-4958-AB05-83990551428A}.Release|Any CPU.ActiveCfg = Release|Any CPU
		{2F6A40E8-C07F-4958-AB05-83990551428A}.Release|Any CPU.Build.0 = Release|Any CPU
		{4F86ABA3-25AB-4CFA-92D9-FF557696C484}.Debug|Any CPU.ActiveCfg = Debug|Any CPU
		{4F86ABA3-25AB-4CFA-92D9-FF557696C484}.Debug|Any CPU.Build.0 = Debug|Any CPU
		{4F86ABA3-25AB-4CFA-92D9-FF557696C484}.Release|Any CPU.ActiveCfg = Release|Any CPU
		{4F86ABA3-25AB-4CFA-92D9-FF557696C484}.Release|Any CPU.Build.0 = Release|Any CPU
	EndGlobalSection
	GlobalSection(SolutionProperties) = preSolution
		HideSolutionNode = FALSE
	EndGlobalSection
	GlobalSection(ExtensibilityGlobals) = postSolution
		SolutionGuid = {D5D9895A-F276-4CF4-BADE-03A13DD87B12}
	EndGlobalSection
EndGlobal
