
Microsoft Visual Studio Solution File, Format Version 12.00
# Visual Studio Version 16
VisualStudioVersion = 16.0.31624.102
MinimumVisualStudioVersion = 10.0.40219.1
Project("{9A19103F-16F7-4668-BE54-9A1E7A4F7556}") = "Lab_1", "Lab1\Lab_1.csproj", "{2F6A40E8-C07F-4958-AB05-83990551428A}"
EndProject
Project("{9A19103F-16F7-4668-BE54-9A1E7A4F7556}") = "Lab_2", "Lab_2\Lab_2.csproj", "{4F86ABA3-25AB-4CFA-92D9-FF557696C484}"
EndProject
Project("{9A19103F-16F7-4668-BE54-9A1E7A4F7556}") = "Lab_2_Zadanie", "Lab_2_Zadanie\Lab_2_Zadanie.csproj", "{8B2FACA2-BDC0-4554-8D9E-7A1EB1032094}"
EndProject
Project("{9A19103F-16F7-4668-BE54-9A1E7A4F7556}") = "Lab_3", "Lab_3\Lab_3.csproj", "{570AB5F3-C500-4D76-962A-3CD7B5CEC4E5}"
EndProject
Project("{9A19103F-16F7-4668-BE54-9A1E7A4F7556}") = "Lab_4", "Lab_4\Lab_4.csproj", "{FA0BB24F-B139-403F-9F09-1785BC6EA061}"
EndProject
Project("{9A19103F-16F7-4668-BE54-9A1E7A4F7556}") = "Lab_5", "Lab_5\Lab_5.csproj", "{C4887580-CA54-4C0D-B059-7CC7FC7E1780}"
EndProject
Project("{9A19103F-16F7-4668-BE54-9A1E7A4F7556}") = "Lab_6", "Lab_6\Lab_6.csproj", "{FB49EF0C-13CC-4BF6-B2BB-57B52C814AAF}"
EndProject
Project("{FAE04EC0-301F-11D3-BF4B-00C04F79EFBC}") = "Lab_7a", "Lab_7\Lab_7a.csproj", "{00CD4822-18C7-41B9-AAF9-B767EE7993DD}"
EndProject
Project("{9A19103F-16F7-4668-BE54-9A1E7A4F7556}") = "Lab_7b", "Lab_7b\Lab_7b.csproj", "{E1EF09DA-CB7E-4139-B716-85A6C7B1CCA4}"
EndProject
Project("{FAE04EC0-301F-11D3-BF4B-00C04F79EFBC}") = "Lab_8", "Lab_8\Lab_8.csproj", "{1DFDAFA2-F6E7-49DE-B3DE-355787D33125}"
EndProject
Global
	GlobalSection(SolutionConfigurationPlatforms) = preSolution
		Debug|Any CPU = Debug|Any CPU
		Release|Any CPU = Release|Any CPU
	EndGlobalSection
	GlobalSection(ProjectConfigurationPlatforms) = postSolution
		{2F6A40E8-C07F-4958-AB05-83990551428A}.Debug|Any CPU.ActiveCfg = Debug|Any CPU
		{2F6A40E8-C07F-4958-AB05-83990551428A}.Debug|Any CPU.Build.0 = Debug|Any CPU
		{2F6A40E8-C07F-4958-AB05-83990551428A}.Release|Any CPU.ActiveCfg = Release|Any CPU
		{2F6A40E8-C07F-4958-AB05-83990551428A}.Release|Any CPU.Build.0 = Release|Any CPU
		{4F86ABA3-25AB-4CFA-92D9-FF557696C484}.Debug|Any CPU.ActiveCfg = Debug|Any CPU
		{4F86ABA3-25AB-4CFA-92D9-FF557696C484}.Debug|Any CPU.Build.0 = Debug|Any CPU
		{4F86ABA3-25AB-4CFA-92D9-FF557696C484}.Release|Any CPU.ActiveCfg = Release|Any CPU
		{4F86ABA3-25AB-4CFA-92D9-FF557696C484}.Release|Any CPU.Build.0 = Release|Any CPU
		{8B2FACA2-BDC0-4554-8D9E-7A1EB1032094}.Debug|Any CPU.ActiveCfg = Debug|Any CPU
		{8B2FACA2-BDC0-4554-8D9E-7A1EB1032094}.Debug|Any CPU.Build.0 = Debug|Any CPU
		{8B2FACA2-BDC0-4554-8D9E-7A1EB1032094}.Release|Any CPU.ActiveCfg = Release|Any CPU
		{8B2FACA2-BDC0-4554-8D9E-7A1EB1032094}.Release|Any CPU.Build.0 = Release|Any CPU
		{570AB5F3-C500-4D76-962A-3CD7B5CEC4E5}.Debug|Any CPU.ActiveCfg = Debug|Any CPU
		{570AB5F3-C500-4D76-962A-3CD7B5CEC4E5}.Debug|Any CPU.Build.0 = Debug|Any CPU
		{570AB5F3-C500-4D76-962A-3CD7B5CEC4E5}.Release|Any CPU.ActiveCfg = Release|Any CPU
		{570AB5F3-C500-4D76-962A-3CD7B5CEC4E5}.Release|Any CPU.Build.0 = Release|Any CPU
		{FA0BB24F-B139-403F-9F09-1785BC6EA061}.Debug|Any CPU.ActiveCfg = Debug|Any CPU
		{FA0BB24F-B139-403F-9F09-1785BC6EA061}.Debug|Any CPU.Build.0 = Debug|Any CPU
		{FA0BB24F-B139-403F-9F09-1785BC6EA061}.Release|Any CPU.ActiveCfg = Release|Any CPU
		{FA0BB24F-B139-403F-9F09-1785BC6EA061}.Release|Any CPU.Build.0 = Release|Any CPU
		{C4887580-CA54-4C0D-B059-7CC7FC7E1780}.Debug|Any CPU.ActiveCfg = Debug|Any CPU
		{C4887580-CA54-4C0D-B059-7CC7FC7E1780}.Debug|Any CPU.Build.0 = Debug|Any CPU
		{C4887580-CA54-4C0D-B059-7CC7FC7E1780}.Release|Any CPU.ActiveCfg = Release|Any CPU
		{C4887580-CA54-4C0D-B059-7CC7FC7E1780}.Release|Any CPU.Build.0 = Release|Any CPU
		{FB49EF0C-13CC-4BF6-B2BB-57B52C814AAF}.Debug|Any CPU.ActiveCfg = Debug|Any CPU
		{FB49EF0C-13CC-4BF6-B2BB-57B52C814AAF}.Debug|Any CPU.Build.0 = Debug|Any CPU
		{FB49EF0C-13CC-4BF6-B2BB-57B52C814AAF}.Release|Any CPU.ActiveCfg = Release|Any CPU
		{FB49EF0C-13CC-4BF6-B2BB-57B52C814AAF}.Release|Any CPU.Build.0 = Release|Any CPU
		{00CD4822-18C7-41B9-AAF9-B767EE7993DD}.Debug|Any CPU.ActiveCfg = Debug|Any CPU
		{00CD4822-18C7-41B9-AAF9-B767EE7993DD}.Debug|Any CPU.Build.0 = Debug|Any CPU
		{00CD4822-18C7-41B9-AAF9-B767EE7993DD}.Release|Any CPU.ActiveCfg = Release|Any CPU
		{00CD4822-18C7-41B9-AAF9-B767EE7993DD}.Release|Any CPU.Build.0 = Release|Any CPU
		{E1EF09DA-CB7E-4139-B716-85A6C7B1CCA4}.Debug|Any CPU.ActiveCfg = Debug|Any CPU
		{E1EF09DA-CB7E-4139-B716-85A6C7B1CCA4}.Debug|Any CPU.Build.0 = Debug|Any CPU
		{E1EF09DA-CB7E-4139-B716-85A6C7B1CCA4}.Release|Any CPU.ActiveCfg = Release|Any CPU
		{E1EF09DA-CB7E-4139-B716-85A6C7B1CCA4}.Release|Any CPU.Build.0 = Release|Any CPU
		{1DFDAFA2-F6E7-49DE-B3DE-355787D33125}.Debug|Any CPU.ActiveCfg = Debug|Any CPU
		{1DFDAFA2-F6E7-49DE-B3DE-355787D33125}.Debug|Any CPU.Build.0 = Debug|Any CPU
		{1DFDAFA2-F6E7-49DE-B3DE-355787D33125}.Release|Any CPU.ActiveCfg = Release|Any CPU
		{1DFDAFA2-F6E7-49DE-B3DE-355787D33125}.Release|Any CPU.Build.0 = Release|Any CPU
	EndGlobalSection
	GlobalSection(SolutionProperties) = preSolution
		HideSolutionNode = FALSE
	EndGlobalSection
	GlobalSection(ExtensibilityGlobals) = postSolution
		SolutionGuid = {D5D9895A-F276-4CF4-BADE-03A13DD87B12}
	EndGlobalSection
EndGlobal
