
Microsoft Visual Studio Solution File, Format Version 12.00
# Visual Studio Version 16
VisualStudioVersion = 16.0.31624.102
MinimumVisualStudioVersion = 10.0.40219.1
Project("{FAE04EC0-301F-11D3-BF4B-00C04F79EFBC}") = "Lab1", "Lab1\Lab1.csproj", "{2F6A40E8-C07F-4958-AB05-83990551428A}"
EndProject
Project("{FAE04EC0-301F-11D3-BF4B-00C04F79EFBC}") = "Lab2", "Lab2\Lab2.csproj", "{1D7A32C6-63B8-43AA-A1C8-486267A5CADA}"
EndProject
Global
	GlobalSection(SolutionConfigurationPlatforms) = preSolution
		Debug|Any CPU = Debug|Any CPU
		Release|Any CPU = Release|Any CPU
	EndGlobalSection
	GlobalSection(ProjectConfigurationPlatforms) = postSolution
		{2F6A40E8-C07F-4958-AB05-83990551428A}.Debug|Any CPU.ActiveCfg = Debug|Any CPU
		{2F6A40E8-C07F-4958-AB05-83990551428A}.Debug|Any CPU.Build.0 = Debug|Any CPU
		{2F6A40E8-C07F-4958-AB05-83990551428A}.Release|Any CPU.ActiveCfg = Release|Any CPU
		{2F6A40E8-C07F-4958-AB05-83990551428A}.Release|Any CPU.Build.0 = Release|Any CPU
		{1D7A32C6-63B8-43AA-A1C8-486267A5CADA}.Debug|Any CPU.ActiveCfg = Debug|Any CPU
		{1D7A32C6-63B8-43AA-A1C8-486267A5CADA}.Debug|Any CPU.Build.0 = Debug|Any CPU
		{1D7A32C6-63B8-43AA-A1C8-486267A5CADA}.Release|Any CPU.ActiveCfg = Release|Any CPU
		{1D7A32C6-63B8-43AA-A1C8-486267A5CADA}.Release|Any CPU.Build.0 = Release|Any CPU
	EndGlobalSection
	GlobalSection(SolutionProperties) = preSolution
		HideSolutionNode = FALSE
	EndGlobalSection
	GlobalSection(ExtensibilityGlobals) = postSolution
		SolutionGuid = {D5D9895A-F276-4CF4-BADE-03A13DD87B12}
	EndGlobalSection
EndGlobal
